
Microsoft Visual Studio Solution File, Format Version 12.00
# Visual Studio Version 16
VisualStudioVersion = 16.0.30907.101
MinimumVisualStudioVersion = 10.0.40219.1
Project("{FAE04EC0-301F-11D3-BF4B-00C04F79EFBC}") = "Entities", "Entities\Entities.csproj", "{C0C64A64-BA71-4031-A100-B9AF714D76F7}"
EndProject
Project("{FAE04EC0-301F-11D3-BF4B-00C04F79EFBC}") = "DataAccess", "DataAccess\DataAccess.csproj", "{0321AB3B-B58B-4DFE-8605-F1FAFFBD31CD}"
EndProject
Project("{FAE04EC0-301F-11D3-BF4B-00C04F79EFBC}") = "Business", "Business\Business.csproj", "{39E8AC53-811C-445D-A477-96C46FAEC36F}"
EndProject
Project("{FAE04EC0-301F-11D3-BF4B-00C04F79EFBC}") = "ConsoleUI", "ConsoleUI\ConsoleUI.csproj", "{6D4AE740-9E55-4BD5-9E6D-37D63F085F3D}"
EndProject
Global
	GlobalSection(SolutionConfigurationPlatforms) = preSolution
		Debug|Any CPU = Debug|Any CPU
		Release|Any CPU = Release|Any CPU
	EndGlobalSection
	GlobalSection(ProjectConfigurationPlatforms) = postSolution
		{C0C64A64-BA71-4031-A100-B9AF714D76F7}.Debug|Any CPU.ActiveCfg = Debug|Any CPU
		{C0C64A64-BA71-4031-A100-B9AF714D76F7}.Debug|Any CPU.Build.0 = Debug|Any CPU
		{C0C64A64-BA71-4031-A100-B9AF714D76F7}.Release|Any CPU.ActiveCfg = Release|Any CPU
		{C0C64A64-BA71-4031-A100-B9AF714D76F7}.Release|Any CPU.Build.0 = Release|Any CPU
		{0321AB3B-B58B-4DFE-8605-F1FAFFBD31CD}.Debug|Any CPU.ActiveCfg = Debug|Any CPU
		{0321AB3B-B58B-4DFE-8605-F1FAFFBD31CD}.Debug|Any CPU.Build.0 = Debug|Any CPU
		{0321AB3B-B58B-4DFE-8605-F1FAFFBD31CD}.Release|Any CPU.ActiveCfg = Release|Any CPU
		{0321AB3B-B58B-4DFE-8605-F1FAFFBD31CD}.Release|Any CPU.Build.0 = Release|Any CPU
		{39E8AC53-811C-445D-A477-96C46FAEC36F}.Debug|Any CPU.ActiveCfg = Debug|Any CPU
		{39E8AC53-811C-445D-A477-96C46FAEC36F}.Debug|Any CPU.Build.0 = Debug|Any CPU
		{39E8AC53-811C-445D-A477-96C46FAEC36F}.Release|Any CPU.ActiveCfg = Release|Any CPU
		{39E8AC53-811C-445D-A477-96C46FAEC36F}.Release|Any CPU.Build.0 = Release|Any CPU
		{6D4AE740-9E55-4BD5-9E6D-37D63F085F3D}.Debug|Any CPU.ActiveCfg = Debug|Any CPU
		{6D4AE740-9E55-4BD5-9E6D-37D63F085F3D}.Debug|Any CPU.Build.0 = Debug|Any CPU
		{6D4AE740-9E55-4BD5-9E6D-37D63F085F3D}.Release|Any CPU.ActiveCfg = Release|Any CPU
		{6D4AE740-9E55-4BD5-9E6D-37D63F085F3D}.Release|Any CPU.Build.0 = Release|Any CPU
	EndGlobalSection
	GlobalSection(SolutionProperties) = preSolution
		HideSolutionNode = FALSE
	EndGlobalSection
	GlobalSection(ExtensibilityGlobals) = postSolution
		SolutionGuid = {38434158-BA0F-450B-A004-09488DCB76F2}
	EndGlobalSection
EndGlobal
